
Microsoft Visual Studio Solution File, Format Version 12.00
# Visual Studio Version 17
VisualStudioVersion = 17.5.002.0
MinimumVisualStudioVersion = 10.0.40219.1
Project("{9A19103F-16F7-4668-BE54-9A1E7A4F7556}") = "ENetCat", "ENetCat.csproj", "{FD1D481A-A5AF-4A08-9F4F-B60C65BA39EA}"
EndProject
Global
	GlobalSection(SolutionConfigurationPlatforms) = preSolution
		Debug|Any CPU = Debug|Any CPU
		Release|Any CPU = Release|Any CPU
	EndGlobalSection
	GlobalSection(ProjectConfigurationPlatforms) = postSolution
		{FD1D481A-A5AF-4A08-9F4F-B60C65BA39EA}.Debug|Any CPU.ActiveCfg = Debug|Any CPU
		{FD1D481A-A5AF-4A08-9F4F-B60C65BA39EA}.Debug|Any CPU.Build.0 = Debug|Any CPU
		{FD1D481A-A5AF-4A08-9F4F-B60C65BA39EA}.Release|Any CPU.ActiveCfg = Release|Any CPU
		{FD1D481A-A5AF-4A08-9F4F-B60C65BA39EA}.Release|Any CPU.Build.0 = Release|Any CPU
	EndGlobalSection
	GlobalSection(SolutionProperties) = preSolution
		HideSolutionNode = FALSE
	EndGlobalSection
	GlobalSection(ExtensibilityGlobals) = postSolution
		SolutionGuid = {FB23CF3F-E92C-46AB-ACB6-7E837A1887CE}
	EndGlobalSection
EndGlobal
